
Microsoft Visual Studio Solution File, Format Version 11.00
# Visual Studio 2010
Project("{8BC9CEB8-8B4A-11D0-8D11-00A0C91BC942}") = "dsp++", "dsp++\dsp++.vcxproj", "{5C1A077C-1BEC-49CC-948F-D5AD282C89BC}"
EndProject
Project("{8BC9CEB8-8B4A-11D0-8D11-00A0C91BC942}") = "dsp++-test", "dsp++-test\dsp++-test.vcxproj", "{32807813-3BB0-4DAF-9906-C8A34292C29E}"
	ProjectSection(ProjectDependencies) = postProject
		{5C1A077C-1BEC-49CC-948F-D5AD282C89BC} = {5C1A077C-1BEC-49CC-948F-D5AD282C89BC}
	EndProjectSection
EndProject
Project("{8BC9CEB8-8B4A-11D0-8D11-00A0C91BC942}") = "compressor_demo", "compressor_demo\compressor_demo.vcxproj", "{6D90CA42-DF85-433A-B22F-568DE519D37B}"
	ProjectSection(ProjectDependencies) = postProject
		{5C1A077C-1BEC-49CC-948F-D5AD282C89BC} = {5C1A077C-1BEC-49CC-948F-D5AD282C89BC}
	EndProjectSection
EndProject
Project("{8BC9CEB8-8B4A-11D0-8D11-00A0C91BC942}") = "multiband_compressor", "multiband_compressor\multiband_compressor.vcxproj", "{F748F46D-44D7-42A9-862A-02ABE5178F1E}"
EndProject
Global
	GlobalSection(SolutionConfigurationPlatforms) = preSolution
		Debug|Win32 = Debug|Win32
		Release|Win32 = Release|Win32
	EndGlobalSection
	GlobalSection(ProjectConfigurationPlatforms) = postSolution
		{5C1A077C-1BEC-49CC-948F-D5AD282C89BC}.Debug|Win32.ActiveCfg = Debug|Win32
		{5C1A077C-1BEC-49CC-948F-D5AD282C89BC}.Debug|Win32.Build.0 = Debug|Win32
		{5C1A077C-1BEC-49CC-948F-D5AD282C89BC}.Release|Win32.ActiveCfg = Release|Win32
		{5C1A077C-1BEC-49CC-948F-D5AD282C89BC}.Release|Win32.Build.0 = Release|Win32
		{32807813-3BB0-4DAF-9906-C8A34292C29E}.Debug|Win32.ActiveCfg = Debug|Win32
		{32807813-3BB0-4DAF-9906-C8A34292C29E}.Debug|Win32.Build.0 = Debug|Win32
		{32807813-3BB0-4DAF-9906-C8A34292C29E}.Release|Win32.ActiveCfg = Release|Win32
		{32807813-3BB0-4DAF-9906-C8A34292C29E}.Release|Win32.Build.0 = Release|Win32
		{6D90CA42-DF85-433A-B22F-568DE519D37B}.Debug|Win32.ActiveCfg = Debug|Win32
		{6D90CA42-DF85-433A-B22F-568DE519D37B}.Debug|Win32.Build.0 = Debug|Win32
		{6D90CA42-DF85-433A-B22F-568DE519D37B}.Release|Win32.ActiveCfg = Release|Win32
		{6D90CA42-DF85-433A-B22F-568DE519D37B}.Release|Win32.Build.0 = Release|Win32
		{F748F46D-44D7-42A9-862A-02ABE5178F1E}.Debug|Win32.ActiveCfg = Debug|Win32
		{F748F46D-44D7-42A9-862A-02ABE5178F1E}.Debug|Win32.Build.0 = Debug|Win32
		{F748F46D-44D7-42A9-862A-02ABE5178F1E}.Release|Win32.ActiveCfg = Release|Win32
		{F748F46D-44D7-42A9-862A-02ABE5178F1E}.Release|Win32.Build.0 = Release|Win32
	EndGlobalSection
	GlobalSection(SolutionProperties) = preSolution
		HideSolutionNode = FALSE
	EndGlobalSection
EndGlobal
