<?xml version="1.0" encoding="utf-8"?>
<Project ToolsVersion="4.0" xmlns="http://schemas.microsoft.com/developer/msbuild/2003">
  <ItemGroup>
    <Filter Include="src">
      <UniqueIdentifier>{127f985e-5b40-441a-9a75-ec8d19e91429}</UniqueIdentifier>
    </Filter>
    <Filter Include="src\snd">
      <UniqueIdentifier>{bc59d4bc-70ef-4751-b849-caf2b12dfe77}</UniqueIdentifier>
    </Filter>
    <Filter Include="src\remez">
      <UniqueIdentifier>{9fc5b80d-2586-4b00-a262-e398376d78b9}</UniqueIdentifier>
    </Filter>
    <Filter Include="src\fftw">
      <UniqueIdentifier>{ac2eaded-1f33-4ab3-aeaf-78190dd3da83}</UniqueIdentifier>
    </Filter>
    <Filter Include="include">
      <UniqueIdentifier>{3698c281-bc42-4701-823e-14660a8b2597}</UniqueIdentifier>
    </Filter>
    <Filter Include="include\dsp++">
      <UniqueIdentifier>{d60959c5-fa56-4fb2-a555-cd6a9975f5e9}</UniqueIdentifier>
    </Filter>
    <Filter Include="include\dsp++\fft">
      <UniqueIdentifier>{f761b69d-2b95-4e86-beaf-78bd209fd411}</UniqueIdentifier>
    </Filter>
    <Filter Include="include\dsp++\fftw">
      <UniqueIdentifier>{85bee594-839f-4fcb-8810-986ccd495fd8}</UniqueIdentifier>
    </Filter>
    <Filter Include="include\dsp++\snd">
      <UniqueIdentifier>{5c79b755-ffdf-4446-8567-2a5887fcf711}</UniqueIdentifier>
    </Filter>
    <Filter Include="src\mkfilter">
      <UniqueIdentifier>{ff1c6181-850e-41d9-a75d-899448c6fcbb}</UniqueIdentifier>
    </Filter>
    <Filter Include="src\arch">
      <UniqueIdentifier>{4b410044-4f3b-4f1a-a18c-debfbefc1cf2}</UniqueIdentifier>
    </Filter>
    <Filter Include="src\arch\x86">
      <UniqueIdentifier>{d11ad4df-13d1-4dcb-b6f8-414eb29359e3}</UniqueIdentifier>
    </Filter>
    <Filter Include="src\arch\ppc">
      <UniqueIdentifier>{ec891776-654c-49bf-9ad6-e363a5bc9b49}</UniqueIdentifier>
    </Filter>
    <Filter Include="src\rpoly">
      <UniqueIdentifier>{e9b84dab-d9f4-45fd-832b-4f20e284d0ba}</UniqueIdentifier>
    </Filter>
  </ItemGroup>
  <ItemGroup>
    <ClCompile Include="src\fft.cpp">
      <Filter>src</Filter>
    </ClCompile>
    <ClCompile Include="src\filter_design.cpp">
      <Filter>src</Filter>
    </ClCompile>
    <ClCompile Include="src\snd\format.cpp">
      <Filter>src\snd</Filter>
    </ClCompile>
    <ClCompile Include="src\snd\io.cpp">
      <Filter>src\snd</Filter>
    </ClCompile>
    <ClCompile Include="src\remez\remez.c">
      <Filter>src\remez</Filter>
    </ClCompile>
    <ClCompile Include="src\fftw\traits.cpp">
      <Filter>src\fftw</Filter>
    </ClCompile>
    <ClCompile Include="src\mkfilter\mkfilter.cpp">
      <Filter>src\mkfilter</Filter>
    </ClCompile>
    <ClCompile Include="src\simd.cpp">
      <Filter>src</Filter>
    </ClCompile>
    <ClCompile Include="src\filter.cpp">
      <Filter>src</Filter>
    </ClCompile>
    <ClCompile Include="src\vectmath.cpp">
      <Filter>src</Filter>
    </ClCompile>
    <ClCompile Include="src\arch\x86\sse.cpp">
      <Filter>src\arch\x86</Filter>
    </ClCompile>
    <ClCompile Include="src\arch\x86\sse3.cpp">
      <Filter>src\arch\x86</Filter>
    </ClCompile>
    <ClCompile Include="src\arch\x86\sse41.cpp">
      <Filter>src\arch\x86</Filter>
    </ClCompile>
    <ClCompile Include="src\arch\ppc\cpu_ppc.cpp">
      <Filter>src\arch\ppc</Filter>
    </ClCompile>
    <ClCompile Include="src\arch\x86\cpu_x86.cpp">
      <Filter>src\arch\x86</Filter>
    </ClCompile>
    <ClCompile Include="src\fixed.cpp">
      <Filter>src</Filter>
    </ClCompile>
    <ClCompile Include="src\adaptfilt.cpp">
      <Filter>src</Filter>
    </ClCompile>
    <ClCompile Include="src\snd\loudness.cpp">
      <Filter>src\snd</Filter>
    </ClCompile>
    <ClCompile Include="src\resample.cpp">
      <Filter>src</Filter>
    </ClCompile>
    <ClCompile Include="src\fir_freq_samp.cpp">
      <Filter>src</Filter>
    </ClCompile>
    <ClCompile Include="src\debug.cpp">
      <Filter>src</Filter>
    </ClCompile>
    <ClCompile Include="src\sample.cpp">
      <Filter>src</Filter>
    </ClCompile>
    <ClCompile Include="src\format_win32.cpp">
      <Filter>src\snd</Filter>
    </ClCompile>
    <ClCompile Include="src\rpoly\rpoly.cpp">
      <Filter>src\rpoly</Filter>
    </ClCompile>
    <ClCompile Include="src\zeropole.cpp">
      <Filter>src</Filter>
    </ClCompile>
  </ItemGroup>
  <ItemGroup>
    <ClInclude Include="src\utility.h">
      <Filter>src</Filter>
    </ClInclude>
    <ClInclude Include="src\remez\remez.h">
      <Filter>src\remez</Filter>
    </ClInclude>
    <ClInclude Include="include\dsp++\algorithm.h">
      <Filter>include\dsp++</Filter>
    </ClInclude>
    <ClInclude Include="include\dsp++\buffer.h">
      <Filter>include\dsp++</Filter>
    </ClInclude>
    <ClInclude Include="include\dsp++\complex.h">
      <Filter>include\dsp++</Filter>
    </ClInclude>
    <ClInclude Include="include\dsp++\config.h">
      <Filter>include\dsp++</Filter>
    </ClInclude>
    <ClInclude Include="include\dsp++\const.h">
      <Filter>include\dsp++</Filter>
    </ClInclude>
    <ClInclude Include="include\dsp++\dft.h">
      <Filter>include\dsp++</Filter>
    </ClInclude>
    <ClInclude Include="include\dsp++\doc.h">
      <Filter>include\dsp++</Filter>
    </ClInclude>
    <ClInclude Include="include\dsp++\export.h">
      <Filter>include\dsp++</Filter>
    </ClInclude>
    <ClInclude Include="include\dsp++\fft.h">
      <Filter>include\dsp++</Filter>
    </ClInclude>
    <ClInclude Include="include\dsp++\filter.h">
      <Filter>include\dsp++</Filter>
    </ClInclude>
    <ClInclude Include="include\dsp++\filter_design.h">
      <Filter>include\dsp++</Filter>
    </ClInclude>
    <ClInclude Include="include\dsp++\float.h">
      <Filter>include\dsp++</Filter>
    </ClInclude>
    <ClInclude Include="include\dsp++\lattice.h">
      <Filter>include\dsp++</Filter>
    </ClInclude>
    <ClInclude Include="include\dsp++\levinson.h">
      <Filter>include\dsp++</Filter>
    </ClInclude>
    <ClInclude Include="include\dsp++\lpc.h">
      <Filter>include\dsp++</Filter>
    </ClInclude>
    <ClInclude Include="include\dsp++\mean.h">
      <Filter>include\dsp++</Filter>
    </ClInclude>
    <ClInclude Include="include\dsp++\noncopyable.h">
      <Filter>include\dsp++</Filter>
    </ClInclude>
    <ClInclude Include="include\dsp++\overlap_add.h">
      <Filter>include\dsp++</Filter>
    </ClInclude>
    <ClInclude Include="include\dsp++\pow2.h">
      <Filter>include\dsp++</Filter>
    </ClInclude>
    <ClInclude Include="include\dsp++\trivial_array.h">
      <Filter>include\dsp++</Filter>
    </ClInclude>
    <ClInclude Include="include\dsp++\utility.h">
      <Filter>include\dsp++</Filter>
    </ClInclude>
    <ClInclude Include="include\dsp++\window.h">
      <Filter>include\dsp++</Filter>
    </ClInclude>
    <ClInclude Include="include\dsp++\xcorr.h">
      <Filter>include\dsp++</Filter>
    </ClInclude>
    <ClInclude Include="include\dsp++\fft\detail.h">
      <Filter>include\dsp++\fft</Filter>
    </ClInclude>
    <ClInclude Include="include\dsp++\fftw\allocator.h">
      <Filter>include\dsp++\fftw</Filter>
    </ClInclude>
    <ClInclude Include="include\dsp++\fftw\dft.h">
      <Filter>include\dsp++\fftw</Filter>
    </ClInclude>
    <ClInclude Include="include\dsp++\fftw\plan_unavailable.h">
      <Filter>include\dsp++\fftw</Filter>
    </ClInclude>
    <ClInclude Include="include\dsp++\fftw\traits.h">
      <Filter>include\dsp++\fftw</Filter>
    </ClInclude>
    <ClInclude Include="include\dsp++\snd\format.h">
      <Filter>include\dsp++\snd</Filter>
    </ClInclude>
    <ClInclude Include="include\dsp++\snd\io_error.h">
      <Filter>include\dsp++\snd</Filter>
    </ClInclude>
    <ClInclude Include="include\dsp++\snd\iobase.h">
      <Filter>include\dsp++\snd</Filter>
    </ClInclude>
    <ClInclude Include="include\dsp++\snd\reader.h">
      <Filter>include\dsp++\snd</Filter>
    </ClInclude>
    <ClInclude Include="include\dsp++\snd\sndfile_error.h">
      <Filter>include\dsp++\snd</Filter>
    </ClInclude>
    <ClInclude Include="include\dsp++\snd\writer.h">
      <Filter>include\dsp++\snd</Filter>
    </ClInclude>
    <ClInclude Include="include\dsp++\dynamics.h">
      <Filter>include\dsp++</Filter>
    </ClInclude>
    <ClInclude Include="include\dsp++\platform.h">
      <Filter>include\dsp++</Filter>
    </ClInclude>
    <ClInclude Include="include\dsp++\simd.h">
      <Filter>include\dsp++</Filter>
    </ClInclude>
    <ClInclude Include="include\dsp++\vectmath.h">
      <Filter>include\dsp++</Filter>
    </ClInclude>
    <ClInclude Include="src\arch\x86\sse.h">
      <Filter>src\arch\x86</Filter>
    </ClInclude>
    <ClInclude Include="src\arch\x86\sse_utils.h">
      <Filter>src\arch\x86</Filter>
    </ClInclude>
    <ClInclude Include="src\simd.h">
      <Filter>src</Filter>
    </ClInclude>
    <ClInclude Include="include\dsp++\norm.h">
      <Filter>include\dsp++</Filter>
    </ClInclude>
    <ClInclude Include="include\dsp++\fixed.h">
      <Filter>include\dsp++</Filter>
    </ClInclude>
    <ClInclude Include="include\dsp++\intmath.h">
      <Filter>include\dsp++</Filter>
    </ClInclude>
    <ClInclude Include="include\dsp++\adaptfilt.h">
      <Filter>include\dsp++</Filter>
    </ClInclude>
    <ClInclude Include="include\dsp++\overlap_save.h">
      <Filter>include\dsp++</Filter>
    </ClInclude>
    <ClInclude Include="include\dsp++\snd\buffer.h">
      <Filter>include\dsp++\snd</Filter>
    </ClInclude>
    <ClInclude Include="include\dsp++\snd\convert.h">
      <Filter>include\dsp++\snd</Filter>
    </ClInclude>
    <ClInclude Include="include\dsp++\snd\sample.h">
      <Filter>include\dsp++\snd</Filter>
    </ClInclude>
    <ClInclude Include="include\dsp++\snd\loudness.h">
      <Filter>include\dsp++\snd</Filter>
    </ClInclude>
    <ClInclude Include="include\dsp++\resample.h">
      <Filter>include\dsp++</Filter>
    </ClInclude>
    <ClInclude Include="include\dsp++\fdaf.h">
      <Filter>include\dsp++</Filter>
    </ClInclude>
    <ClInclude Include="include\dsp++\debug.h">
      <Filter>include\dsp++</Filter>
    </ClInclude>
    <ClInclude Include="include\dsp++\stride_iterator.h">
      <Filter>include\dsp++</Filter>
    </ClInclude>
    <ClInclude Include="include\dsp++\stdint.h">
      <Filter>include\dsp++</Filter>
    </ClInclude>
    <ClInclude Include="include\dsp++\polyroots.h">
      <Filter>include\dsp++</Filter>
    </ClInclude>
    <ClInclude Include="include\dsp++\zeropole.h">
      <Filter>include\dsp++</Filter>
    </ClInclude>
    <ClInclude Include="src\mkfilter\mkfilter.h">
      <Filter>src\mkfilter</Filter>
    </ClInclude>
  </ItemGroup>
  <ItemGroup>
    <None Include="doxyfile" />
  </ItemGroup>
  <ItemGroup>
    <MASM Include="src\arch\x86\xxgetbv.asm">
      <Filter>src\arch\x86</Filter>
    </MASM>
  </ItemGroup>
</Project>